<?xml version="1.0" encoding="utf-8"?>
<Project ToolsVersion="4.0" xmlns="http://schemas.microsoft.com/developer/msbuild/2003">
  <ItemGroup>
    <Filter Include="Source Files">
      <UniqueIdentifier>{4FC737F1-C7A5-4376-A066-2A32D752A2FF}</UniqueIdentifier>
      <Extensions>cpp;c;cc;cxx;def;odl;idl;hpj;bat;asm;asmx</Extensions>
    </Filter>
    <Filter Include="Header Files">
      <UniqueIdentifier>{93995380-89BD-4b04-88EB-625FBE52EBFB}</UniqueIdentifier>
      <Extensions>h;hpp;hxx;hm;inl;inc;xsd</Extensions>
    </Filter>
    <Filter Include="Resource Files">
      <UniqueIdentifier>{67DA6AB6-F800-4c08-8B7A-83BB121AAD01}</UniqueIdentifier>
      <Extensions>rc;ico;cur;bmp;dlg;rc2;rct;bin;rgs;gif;jpg;jpeg;jpe;resx;tiff;tif;png;wav;mfcribbon-ms</Extensions>
    </Filter>
    <Filter Include="Header Files\core">
      <UniqueIdentifier>{79101d6c-101e-4fc7-a91a-d493fec32ef4}</UniqueIdentifier>
    </Filter>
    <Filter Include="Header Files\scene">
      <UniqueIdentifier>{9ca4dfc6-cf2b-4740-a178-bc57669327a7}</UniqueIdentifier>
    </Filter>
    <Filter Include="Header Files\stream">
      <UniqueIdentifier>{a61f6cc0-5e8e-45a9-b0f3-b6df71066079}</UniqueIdentifier>
    </Filter>
    <Filter Include="Header Files\renderer">
      <UniqueIdentifier>{5c21ba03-a509-4d09-930e-2636dbee6ddc}</UniqueIdentifier>
    </Filter>
    <Filter Include="Header Files\renderer\openGL">
      <UniqueIdentifier>{af3acdd9-818e-455c-8ded-7d83b2f58f94}</UniqueIdentifier>
    </Filter>
    <Filter Include="Header Files\renderer\directX">
      <UniqueIdentifier>{8651d009-e5a8-4d53-bcf9-4475101c56cc}</UniqueIdentifier>
    </Filter>
  </ItemGroup>
  <ItemGroup>
    <ClInclude Include="..\..\source\core\Math.h">
      <Filter>Header Files\core</Filter>
    </ClInclude>
    <ClInclude Include="..\..\source\core\Matrix2D.h">
      <Filter>Header Files\core</Filter>
    </ClInclude>
    <ClInclude Include="..\..\source\core\Matrix3D.h">
      <Filter>Header Files\core</Filter>
    </ClInclude>
    <ClInclude Include="..\..\source\core\Matrix4D.h">
      <Filter>Header Files\core</Filter>
    </ClInclude>
    <ClInclude Include="..\..\source\core\Vector2D.h">
      <Filter>Header Files\core</Filter>
    </ClInclude>
    <ClInclude Include="..\..\source\core\Vector3D.h">
      <Filter>Header Files\core</Filter>
    </ClInclude>
    <ClInclude Include="..\..\source\core\Vector4D.h">
      <Filter>Header Files\core</Filter>
    </ClInclude>
    <ClInclude Include="..\..\source\Valera3D.h">
      <Filter>Header Files</Filter>
    </ClInclude>
    <ClInclude Include="..\..\source\stream\FileStream.h">
      <Filter>Header Files\stream</Filter>
    </ClInclude>
    <ClInclude Include="..\..\source\stream\IStream.h">
      <Filter>Header Files\stream</Filter>
    </ClInclude>
    <ClInclude Include="..\..\source\stream\MemoryStream.h">
      <Filter>Header Files\stream</Filter>
    </ClInclude>
    <ClInclude Include="..\..\source\stream\NetStream.h">
      <Filter>Header Files\stream</Filter>
    </ClInclude>
    <ClInclude Include="..\..\source\stream\StreamMgr.h">
      <Filter>Header Files\stream</Filter>
    </ClInclude>
    <ClInclude Include="..\..\source\scene\Camera.h">
      <Filter>Header Files\scene</Filter>
    </ClInclude>
    <ClInclude Include="..\..\source\scene\Light.h">
      <Filter>Header Files\scene</Filter>
    </ClInclude>
    <ClInclude Include="..\..\source\scene\Model.h">
      <Filter>Header Files\scene</Filter>
    </ClInclude>
    <ClInclude Include="..\..\source\scene\ModelMgr.h">
      <Filter>Header Files\scene</Filter>
    </ClInclude>
    <ClInclude Include="..\..\source\scene\Node.h">
      <Filter>Header Files\scene</Filter>
    </ClInclude>
    <ClInclude Include="..\..\source\scene\ResourceDecoder.h">
      <Filter>Header Files\scene</Filter>
    </ClInclude>
    <ClInclude Include="..\..\source\scene\ScaneMgr.h">
      <Filter>Header Files\scene</Filter>
    </ClInclude>
    <ClInclude Include="..\..\source\scene\ShaderMgr.h">
      <Filter>Header Files\scene</Filter>
    </ClInclude>
    <ClInclude Include="..\..\source\scene\Shape.h">
      <Filter>Header Files\scene</Filter>
    </ClInclude>
    <ClInclude Include="..\..\source\scene\TextureMgr.h">
      <Filter>Header Files\scene</Filter>
    </ClInclude>
    <ClInclude Include="..\..\source\renderer\Geometry.h">
      <Filter>Header Files\renderer</Filter>
    </ClInclude>
    <ClInclude Include="..\..\source\renderer\Material.h">
      <Filter>Header Files\renderer</Filter>
    </ClInclude>
    <ClInclude Include="..\..\source\renderer\Mesh.h">
      <Filter>Header Files\renderer</Filter>
    </ClInclude>
    <ClInclude Include="..\..\source\renderer\Renderer.h">
      <Filter>Header Files\renderer</Filter>
    </ClInclude>
    <ClInclude Include="..\..\source\renderer\RenderJob.h">
      <Filter>Header Files\renderer</Filter>
    </ClInclude>
    <ClInclude Include="..\..\source\renderer\RenderPass.h">
      <Filter>Header Files\renderer</Filter>
    </ClInclude>
    <ClInclude Include="..\..\source\renderer\RenderState.h">
      <Filter>Header Files\renderer</Filter>
    </ClInclude>
    <ClInclude Include="..\..\source\renderer\RenderTarget.h">
      <Filter>Header Files\renderer</Filter>
    </ClInclude>
    <ClInclude Include="..\..\source\renderer\RenderTechnique.h">
      <Filter>Header Files\renderer</Filter>
    </ClInclude>
    <ClInclude Include="..\..\source\renderer\Shader.h">
      <Filter>Header Files\renderer</Filter>
    </ClInclude>
    <ClInclude Include="..\..\source\renderer\ShaderProgram.h">
      <Filter>Header Files\renderer</Filter>
    </ClInclude>
    <ClInclude Include="..\..\source\renderer\ShaderUniform.h">
      <Filter>Header Files\renderer</Filter>
    </ClInclude>
    <ClInclude Include="..\..\source\renderer\Texture.h">
      <Filter>Header Files\renderer</Filter>
    </ClInclude>
    <ClInclude Include="..\..\source\common.h">
      <Filter>Header Files</Filter>
    </ClInclude>
    <ClInclude Include="..\..\source\Object.h">
      <Filter>Header Files</Filter>
    </ClInclude>
    <ClInclude Include="..\..\source\Singleton.h">
      <Filter>Header Files</Filter>
    </ClInclude>
  </ItemGroup>
  <ItemGroup>
    <ClCompile Include="..\..\source\stream\FileStream.cpp">
      <Filter>Header Files\stream</Filter>
    </ClCompile>
    <ClCompile Include="..\..\source\stream\MemoryStream.cpp">
      <Filter>Header Files\stream</Filter>
    </ClCompile>
    <ClCompile Include="..\..\source\stream\NetStream.cpp">
      <Filter>Header Files\stream</Filter>
    </ClCompile>
    <ClCompile Include="..\..\source\stream\StreamMgr.cpp">
      <Filter>Header Files\stream</Filter>
    </ClCompile>
    <ClCompile Include="..\..\source\scene\Camera.cpp">
      <Filter>Header Files\scene</Filter>
    </ClCompile>
    <ClCompile Include="..\..\source\scene\Light.cpp">
      <Filter>Header Files\scene</Filter>
    </ClCompile>
    <ClCompile Include="..\..\source\scene\Model.cpp">
      <Filter>Header Files\scene</Filter>
    </ClCompile>
    <ClCompile Include="..\..\source\scene\ModelMgr.cpp">
      <Filter>Header Files\scene</Filter>
    </ClCompile>
    <ClCompile Include="..\..\source\scene\Node.cpp">
      <Filter>Header Files\scene</Filter>
    </ClCompile>
    <ClCompile Include="..\..\source\scene\ResourceDecoder.cpp">
      <Filter>Header Files\scene</Filter>
    </ClCompile>
    <ClCompile Include="..\..\source\scene\ScaneMgr.cpp">
      <Filter>Header Files\scene</Filter>
    </ClCompile>
    <ClCompile Include="..\..\source\scene\ShaderMgr.cpp">
      <Filter>Header Files\scene</Filter>
    </ClCompile>
    <ClCompile Include="..\..\source\scene\Shape.cpp">
      <Filter>Header Files\scene</Filter>
    </ClCompile>
    <ClCompile Include="..\..\source\scene\TextureMgr.cpp">
      <Filter>Header Files\scene</Filter>
    </ClCompile>
    <ClCompile Include="..\..\source\renderer\Geometry.cpp">
      <Filter>Header Files\renderer</Filter>
    </ClCompile>
    <ClCompile Include="..\..\source\renderer\Material.cpp">
      <Filter>Header Files\renderer</Filter>
    </ClCompile>
    <ClCompile Include="..\..\source\renderer\Mesh.cpp">
      <Filter>Header Files\renderer</Filter>
    </ClCompile>
    <ClCompile Include="..\..\source\renderer\Renderer.cpp">
      <Filter>Header Files\renderer</Filter>
    </ClCompile>
    <ClCompile Include="..\..\source\renderer\RenderJob.cpp">
      <Filter>Header Files\renderer</Filter>
    </ClCompile>
    <ClCompile Include="..\..\source\renderer\RenderPass.cpp">
      <Filter>Header Files\renderer</Filter>
    </ClCompile>
    <ClCompile Include="..\..\source\renderer\RenderState.cpp">
      <Filter>Header Files\renderer</Filter>
    </ClCompile>
    <ClCompile Include="..\..\source\renderer\RenderTarget.cpp">
      <Filter>Header Files\renderer</Filter>
    </ClCompile>
    <ClCompile Include="..\..\source\renderer\RenderTechnique.cpp">
      <Filter>Header Files\renderer</Filter>
    </ClCompile>
    <ClCompile Include="..\..\source\renderer\Shader.cpp">
      <Filter>Header Files\renderer</Filter>
    </ClCompile>
    <ClCompile Include="..\..\source\renderer\ShaderProgram.cpp">
      <Filter>Header Files\renderer</Filter>
    </ClCompile>
    <ClCompile Include="..\..\source\renderer\ShaderUniform.cpp">
      <Filter>Header Files\renderer</Filter>
    </ClCompile>
    <ClCompile Include="..\..\source\renderer\Texture.cpp">
      <Filter>Header Files\renderer</Filter>
    </ClCompile>
    <ClCompile Include="..\..\source\Object.cpp">
      <Filter>Header Files</Filter>
    </ClCompile>
  </ItemGroup>
</Project>