Microsoft Visual Studio Solution File, Format Version 12.00
# Visual Studio 2013
Project("{8BC9CEB8-8B4A-11D0-8D11-00A0C91BC942}") = "ALL_BUILD", "ALL_BUILD.vcxproj", "{FB52AB6C-58C0-4461-94BD-6B4731239B63}"
	ProjectSection(ProjectDependencies) = postProject
		{8B4F3058-49AD-492E-9F50-B92F1825CF02} = {8B4F3058-49AD-492E-9F50-B92F1825CF02}
		{1A4846BE-1FA0-4E36-AFC6-DACD540C97FB} = {1A4846BE-1FA0-4E36-AFC6-DACD540C97FB}
		{09C2C853-779F-40B9-A475-540AEC85A72B} = {09C2C853-779F-40B9-A475-540AEC85A72B}
		{85339688-E5F6-4E53-811C-539DCA022AD4} = {85339688-E5F6-4E53-811C-539DCA022AD4}
		{3D2D5DBE-66ED-4E57-8ACC-6BDFEE6152AC} = {3D2D5DBE-66ED-4E57-8ACC-6BDFEE6152AC}
	EndProjectSection
EndProject
Project("{8BC9CEB8-8B4A-11D0-8D11-00A0C91BC942}") = "CreateWindow", "tests\CreateWindow\CreateWindow.vcxproj", "{8B4F3058-49AD-492E-9F50-B92F1825CF02}"
	ProjectSection(ProjectDependencies) = postProject
		{09C2C853-779F-40B9-A475-540AEC85A72B} = {09C2C853-779F-40B9-A475-540AEC85A72B}
		{85339688-E5F6-4E53-811C-539DCA022AD4} = {85339688-E5F6-4E53-811C-539DCA022AD4}
		{3D2D5DBE-66ED-4E57-8ACC-6BDFEE6152AC} = {3D2D5DBE-66ED-4E57-8ACC-6BDFEE6152AC}
	EndProjectSection
EndProject
Project("{8BC9CEB8-8B4A-11D0-8D11-00A0C91BC942}") = "Test_1", "tests\Test_1\Test_1.vcxproj", "{1A4846BE-1FA0-4E36-AFC6-DACD540C97FB}"
	ProjectSection(ProjectDependencies) = postProject
		{09C2C853-779F-40B9-A475-540AEC85A72B} = {09C2C853-779F-40B9-A475-540AEC85A72B}
		{85339688-E5F6-4E53-811C-539DCA022AD4} = {85339688-E5F6-4E53-811C-539DCA022AD4}
		{3D2D5DBE-66ED-4E57-8ACC-6BDFEE6152AC} = {3D2D5DBE-66ED-4E57-8ACC-6BDFEE6152AC}
	EndProjectSection
EndProject
Project("{8BC9CEB8-8B4A-11D0-8D11-00A0C91BC942}") = "ValeraEngine", "ValeraEngine.vcxproj", "{09C2C853-779F-40B9-A475-540AEC85A72B}"
	ProjectSection(ProjectDependencies) = postProject
		{85339688-E5F6-4E53-811C-539DCA022AD4} = {85339688-E5F6-4E53-811C-539DCA022AD4}
		{3D2D5DBE-66ED-4E57-8ACC-6BDFEE6152AC} = {3D2D5DBE-66ED-4E57-8ACC-6BDFEE6152AC}
	EndProjectSection
EndProject
Project("{8BC9CEB8-8B4A-11D0-8D11-00A0C91BC942}") = "ZERO_CHECK", "ZERO_CHECK.vcxproj", "{85339688-E5F6-4E53-811C-539DCA022AD4}"
	ProjectSection(ProjectDependencies) = postProject
	EndProjectSection
EndProject
Project("{8BC9CEB8-8B4A-11D0-8D11-00A0C91BC942}") = "glew_static", "libs\glew\glew_static.vcxproj", "{3D2D5DBE-66ED-4E57-8ACC-6BDFEE6152AC}"
	ProjectSection(ProjectDependencies) = postProject
		{85339688-E5F6-4E53-811C-539DCA022AD4} = {85339688-E5F6-4E53-811C-539DCA022AD4}
	EndProjectSection
EndProject
Global
	GlobalSection(SolutionConfigurationPlatforms) = preSolution
		Debug|Win32 = Debug|Win32
		Release|Win32 = Release|Win32
		MinSizeRel|Win32 = MinSizeRel|Win32
		RelWithDebInfo|Win32 = RelWithDebInfo|Win32
	EndGlobalSection
	GlobalSection(ProjectConfigurationPlatforms) = postSolution
		{FB52AB6C-58C0-4461-94BD-6B4731239B63}.Debug|Win32.ActiveCfg = Debug|Win32
		{FB52AB6C-58C0-4461-94BD-6B4731239B63}.Release|Win32.ActiveCfg = Release|Win32
		{FB52AB6C-58C0-4461-94BD-6B4731239B63}.MinSizeRel|Win32.ActiveCfg = MinSizeRel|Win32
		{FB52AB6C-58C0-4461-94BD-6B4731239B63}.RelWithDebInfo|Win32.ActiveCfg = RelWithDebInfo|Win32
		{8B4F3058-49AD-492E-9F50-B92F1825CF02}.Debug|Win32.ActiveCfg = Debug|Win32
		{8B4F3058-49AD-492E-9F50-B92F1825CF02}.Debug|Win32.Build.0 = Debug|Win32
		{8B4F3058-49AD-492E-9F50-B92F1825CF02}.Release|Win32.ActiveCfg = Release|Win32
		{8B4F3058-49AD-492E-9F50-B92F1825CF02}.Release|Win32.Build.0 = Release|Win32
		{8B4F3058-49AD-492E-9F50-B92F1825CF02}.MinSizeRel|Win32.ActiveCfg = MinSizeRel|Win32
		{8B4F3058-49AD-492E-9F50-B92F1825CF02}.MinSizeRel|Win32.Build.0 = MinSizeRel|Win32
		{8B4F3058-49AD-492E-9F50-B92F1825CF02}.RelWithDebInfo|Win32.ActiveCfg = RelWithDebInfo|Win32
		{8B4F3058-49AD-492E-9F50-B92F1825CF02}.RelWithDebInfo|Win32.Build.0 = RelWithDebInfo|Win32
		{1A4846BE-1FA0-4E36-AFC6-DACD540C97FB}.Debug|Win32.ActiveCfg = Debug|Win32
		{1A4846BE-1FA0-4E36-AFC6-DACD540C97FB}.Debug|Win32.Build.0 = Debug|Win32
		{1A4846BE-1FA0-4E36-AFC6-DACD540C97FB}.Release|Win32.ActiveCfg = Release|Win32
		{1A4846BE-1FA0-4E36-AFC6-DACD540C97FB}.Release|Win32.Build.0 = Release|Win32
		{1A4846BE-1FA0-4E36-AFC6-DACD540C97FB}.MinSizeRel|Win32.ActiveCfg = MinSizeRel|Win32
		{1A4846BE-1FA0-4E36-AFC6-DACD540C97FB}.MinSizeRel|Win32.Build.0 = MinSizeRel|Win32
		{1A4846BE-1FA0-4E36-AFC6-DACD540C97FB}.RelWithDebInfo|Win32.ActiveCfg = RelWithDebInfo|Win32
		{1A4846BE-1FA0-4E36-AFC6-DACD540C97FB}.RelWithDebInfo|Win32.Build.0 = RelWithDebInfo|Win32
		{09C2C853-779F-40B9-A475-540AEC85A72B}.Debug|Win32.ActiveCfg = Debug|Win32
		{09C2C853-779F-40B9-A475-540AEC85A72B}.Debug|Win32.Build.0 = Debug|Win32
		{09C2C853-779F-40B9-A475-540AEC85A72B}.Release|Win32.ActiveCfg = Release|Win32
		{09C2C853-779F-40B9-A475-540AEC85A72B}.Release|Win32.Build.0 = Release|Win32
		{09C2C853-779F-40B9-A475-540AEC85A72B}.MinSizeRel|Win32.ActiveCfg = MinSizeRel|Win32
		{09C2C853-779F-40B9-A475-540AEC85A72B}.MinSizeRel|Win32.Build.0 = MinSizeRel|Win32
		{09C2C853-779F-40B9-A475-540AEC85A72B}.RelWithDebInfo|Win32.ActiveCfg = RelWithDebInfo|Win32
		{09C2C853-779F-40B9-A475-540AEC85A72B}.RelWithDebInfo|Win32.Build.0 = RelWithDebInfo|Win32
		{85339688-E5F6-4E53-811C-539DCA022AD4}.Debug|Win32.ActiveCfg = Debug|Win32
		{85339688-E5F6-4E53-811C-539DCA022AD4}.Debug|Win32.Build.0 = Debug|Win32
		{85339688-E5F6-4E53-811C-539DCA022AD4}.Release|Win32.ActiveCfg = Release|Win32
		{85339688-E5F6-4E53-811C-539DCA022AD4}.Release|Win32.Build.0 = Release|Win32
		{85339688-E5F6-4E53-811C-539DCA022AD4}.MinSizeRel|Win32.ActiveCfg = MinSizeRel|Win32
		{85339688-E5F6-4E53-811C-539DCA022AD4}.MinSizeRel|Win32.Build.0 = MinSizeRel|Win32
		{85339688-E5F6-4E53-811C-539DCA022AD4}.RelWithDebInfo|Win32.ActiveCfg = RelWithDebInfo|Win32
		{85339688-E5F6-4E53-811C-539DCA022AD4}.RelWithDebInfo|Win32.Build.0 = RelWithDebInfo|Win32
		{3D2D5DBE-66ED-4E57-8ACC-6BDFEE6152AC}.Debug|Win32.ActiveCfg = Debug|Win32
		{3D2D5DBE-66ED-4E57-8ACC-6BDFEE6152AC}.Debug|Win32.Build.0 = Debug|Win32
		{3D2D5DBE-66ED-4E57-8ACC-6BDFEE6152AC}.Release|Win32.ActiveCfg = Release|Win32
		{3D2D5DBE-66ED-4E57-8ACC-6BDFEE6152AC}.Release|Win32.Build.0 = Release|Win32
		{3D2D5DBE-66ED-4E57-8ACC-6BDFEE6152AC}.MinSizeRel|Win32.ActiveCfg = MinSizeRel|Win32
		{3D2D5DBE-66ED-4E57-8ACC-6BDFEE6152AC}.MinSizeRel|Win32.Build.0 = MinSizeRel|Win32
		{3D2D5DBE-66ED-4E57-8ACC-6BDFEE6152AC}.RelWithDebInfo|Win32.ActiveCfg = RelWithDebInfo|Win32
		{3D2D5DBE-66ED-4E57-8ACC-6BDFEE6152AC}.RelWithDebInfo|Win32.Build.0 = RelWithDebInfo|Win32
	EndGlobalSection
	GlobalSection(ExtensibilityGlobals) = postSolution
	EndGlobalSection
	GlobalSection(ExtensibilityAddIns) = postSolution
	EndGlobalSection
EndGlobal
