
Microsoft Visual Studio Solution File, Format Version 12.00
# Visual Studio 2012
Project("{8BC9CEB8-8B4A-11D0-8D11-00A0C91BC942}") = "ValeraEngine", "ValeraEngine.vcxproj", "{71F9FBD5-61CB-4B6E-B460-5080D034F865}"
EndProject
Project("{8BC9CEB8-8B4A-11D0-8D11-00A0C91BC942}") = "Test_1", "..\..\tests\Test_1\Test_1.vcxproj", "{5ED88F82-44F1-4123-9CA6-6BD3F632E77D}"
EndProject
Global
	GlobalSection(SolutionConfigurationPlatforms) = preSolution
		Debug|Win32 = Debug|Win32
		Release|Win32 = Release|Win32
	EndGlobalSection
	GlobalSection(ProjectConfigurationPlatforms) = postSolution
		{71F9FBD5-61CB-4B6E-B460-5080D034F865}.Debug|Win32.ActiveCfg = Debug|Win32
		{71F9FBD5-61CB-4B6E-B460-5080D034F865}.Debug|Win32.Build.0 = Debug|Win32
		{71F9FBD5-61CB-4B6E-B460-5080D034F865}.Release|Win32.ActiveCfg = Release|Win32
		{71F9FBD5-61CB-4B6E-B460-5080D034F865}.Release|Win32.Build.0 = Release|Win32
		{5ED88F82-44F1-4123-9CA6-6BD3F632E77D}.Debug|Win32.ActiveCfg = Debug|Win32
		{5ED88F82-44F1-4123-9CA6-6BD3F632E77D}.Debug|Win32.Build.0 = Debug|Win32
		{5ED88F82-44F1-4123-9CA6-6BD3F632E77D}.Release|Win32.ActiveCfg = Release|Win32
		{5ED88F82-44F1-4123-9CA6-6BD3F632E77D}.Release|Win32.Build.0 = Release|Win32
	EndGlobalSection
	GlobalSection(SolutionProperties) = preSolution
		HideSolutionNode = FALSE
	EndGlobalSection
EndGlobal
