<?xml version="1.0" encoding="utf-8"?>
<Project ToolsVersion="12.0" xmlns="http://schemas.microsoft.com/developer/msbuild/2003">
  <ItemGroup>
    <ClCompile Include="..\..\source\renderer\Geometry.cpp">
      <Filter>renderer</Filter>
    </ClCompile>
    <ClCompile Include="..\..\source\renderer\Material.cpp">
      <Filter>renderer</Filter>
    </ClCompile>
    <ClCompile Include="..\..\source\renderer\Mesh.cpp">
      <Filter>renderer</Filter>
    </ClCompile>
    <ClCompile Include="..\..\source\renderer\Renderer.cpp">
      <Filter>renderer</Filter>
    </ClCompile>
    <ClCompile Include="..\..\source\renderer\RenderJob.cpp">
      <Filter>renderer</Filter>
    </ClCompile>
    <ClCompile Include="..\..\source\renderer\RenderPass.cpp">
      <Filter>renderer</Filter>
    </ClCompile>
    <ClCompile Include="..\..\source\renderer\RenderState.cpp">
      <Filter>renderer</Filter>
    </ClCompile>
    <ClCompile Include="..\..\source\renderer\RenderTarget.cpp">
      <Filter>renderer</Filter>
    </ClCompile>
    <ClCompile Include="..\..\source\renderer\RenderTechnique.cpp">
      <Filter>renderer</Filter>
    </ClCompile>
    <ClCompile Include="..\..\source\renderer\Shader.cpp">
      <Filter>renderer</Filter>
    </ClCompile>
    <ClCompile Include="..\..\source\renderer\ShaderProgram.cpp">
      <Filter>renderer</Filter>
    </ClCompile>
    <ClCompile Include="..\..\source\renderer\ShaderUniform.cpp">
      <Filter>renderer</Filter>
    </ClCompile>
    <ClCompile Include="..\..\source\renderer\Texture.cpp">
      <Filter>renderer</Filter>
    </ClCompile>
    <ClCompile Include="..\..\source\context\DriverContext.cpp">
      <Filter>context</Filter>
    </ClCompile>
    <ClCompile Include="..\..\source\context\DriverContextD3D.cpp">
      <Filter>context</Filter>
    </ClCompile>
    <ClCompile Include="..\..\source\context\DriverContextGL.cpp">
      <Filter>context</Filter>
    </ClCompile>
    <ClCompile Include="..\..\source\stream\FileStream.cpp">
      <Filter>stream</Filter>
    </ClCompile>
    <ClCompile Include="..\..\source\stream\MemoryStream.cpp">
      <Filter>stream</Filter>
    </ClCompile>
    <ClCompile Include="..\..\source\stream\NetStream.cpp">
      <Filter>stream</Filter>
    </ClCompile>
    <ClCompile Include="..\..\source\stream\Resource.cpp">
      <Filter>stream</Filter>
    </ClCompile>
    <ClCompile Include="..\..\source\stream\StreamMgr.cpp">
      <Filter>stream</Filter>
    </ClCompile>
    <ClCompile Include="..\..\source\scene\Camera.cpp">
      <Filter>scene</Filter>
    </ClCompile>
    <ClCompile Include="..\..\source\scene\Light.cpp">
      <Filter>scene</Filter>
    </ClCompile>
    <ClCompile Include="..\..\source\scene\Model.cpp">
      <Filter>scene</Filter>
    </ClCompile>
    <ClCompile Include="..\..\source\scene\ModelMgr.cpp">
      <Filter>scene</Filter>
    </ClCompile>
    <ClCompile Include="..\..\source\scene\Node.cpp">
      <Filter>scene</Filter>
    </ClCompile>
    <ClCompile Include="..\..\source\scene\ResourceDecoder.cpp">
      <Filter>scene</Filter>
    </ClCompile>
    <ClCompile Include="..\..\source\scene\ScaneMgr.cpp">
      <Filter>scene</Filter>
    </ClCompile>
    <ClCompile Include="..\..\source\scene\ShaderMgr.cpp">
      <Filter>scene</Filter>
    </ClCompile>
    <ClCompile Include="..\..\source\scene\Shape.cpp">
      <Filter>scene</Filter>
    </ClCompile>
    <ClCompile Include="..\..\source\scene\TextureManager.cpp">
      <Filter>scene</Filter>
    </ClCompile>
    <ClCompile Include="..\..\source\utils\Logger.cpp">
      <Filter>utils</Filter>
    </ClCompile>
    <ClCompile Include="..\..\source\utils\Timer.cpp">
      <Filter>utils</Filter>
    </ClCompile>
    <ClCompile Include="..\..\source\Object.cpp" />
    <ClCompile Include="..\..\source\ValeraEngine.cpp" />
    <ClCompile Include="..\..\source\platform\Window.cpp">
      <Filter>platform</Filter>
    </ClCompile>
    <ClCompile Include="..\..\source\platform\WindowWin32.cpp">
      <Filter>platform</Filter>
    </ClCompile>
    <ClCompile Include="..\..\source\platform\Platform.cpp">
      <Filter>platform</Filter>
    </ClCompile>
  </ItemGroup>
  <ItemGroup>
    <ClInclude Include="..\..\source\core\Dimension2D.h">
      <Filter>core</Filter>
    </ClInclude>
    <ClInclude Include="..\..\source\core\Math.h">
      <Filter>core</Filter>
    </ClInclude>
    <ClInclude Include="..\..\source\core\Matrix2D.h">
      <Filter>core</Filter>
    </ClInclude>
    <ClInclude Include="..\..\source\core\Matrix3D.h">
      <Filter>core</Filter>
    </ClInclude>
    <ClInclude Include="..\..\source\core\Matrix4D.h">
      <Filter>core</Filter>
    </ClInclude>
    <ClInclude Include="..\..\source\core\Vector2D.h">
      <Filter>core</Filter>
    </ClInclude>
    <ClInclude Include="..\..\source\core\Vector3D.h">
      <Filter>core</Filter>
    </ClInclude>
    <ClInclude Include="..\..\source\core\Vector4D.h">
      <Filter>core</Filter>
    </ClInclude>
    <ClInclude Include="..\..\source\renderer\Geometry.h">
      <Filter>renderer</Filter>
    </ClInclude>
    <ClInclude Include="..\..\source\renderer\Material.h">
      <Filter>renderer</Filter>
    </ClInclude>
    <ClInclude Include="..\..\source\renderer\Mesh.h">
      <Filter>renderer</Filter>
    </ClInclude>
    <ClInclude Include="..\..\source\renderer\Renderer.h">
      <Filter>renderer</Filter>
    </ClInclude>
    <ClInclude Include="..\..\source\renderer\RenderJob.h">
      <Filter>renderer</Filter>
    </ClInclude>
    <ClInclude Include="..\..\source\renderer\RenderPass.h">
      <Filter>renderer</Filter>
    </ClInclude>
    <ClInclude Include="..\..\source\renderer\RenderState.h">
      <Filter>renderer</Filter>
    </ClInclude>
    <ClInclude Include="..\..\source\renderer\RenderTarget.h">
      <Filter>renderer</Filter>
    </ClInclude>
    <ClInclude Include="..\..\source\renderer\RenderTechnique.h">
      <Filter>renderer</Filter>
    </ClInclude>
    <ClInclude Include="..\..\source\renderer\Shader.h">
      <Filter>renderer</Filter>
    </ClInclude>
    <ClInclude Include="..\..\source\renderer\ShaderProgram.h">
      <Filter>renderer</Filter>
    </ClInclude>
    <ClInclude Include="..\..\source\renderer\ShaderUniform.h">
      <Filter>renderer</Filter>
    </ClInclude>
    <ClInclude Include="..\..\source\renderer\Texture.h">
      <Filter>renderer</Filter>
    </ClInclude>
    <ClInclude Include="..\..\source\context\DriverContext.h">
      <Filter>context</Filter>
    </ClInclude>
    <ClInclude Include="..\..\source\context\DriverContextD3D.h">
      <Filter>context</Filter>
    </ClInclude>
    <ClInclude Include="..\..\source\context\DriverContextGL.h">
      <Filter>context</Filter>
    </ClInclude>
    <ClInclude Include="..\..\source\stream\FileStream.h">
      <Filter>stream</Filter>
    </ClInclude>
    <ClInclude Include="..\..\source\stream\IStream.h">
      <Filter>stream</Filter>
    </ClInclude>
    <ClInclude Include="..\..\source\stream\MemoryStream.h">
      <Filter>stream</Filter>
    </ClInclude>
    <ClInclude Include="..\..\source\stream\NetStream.h">
      <Filter>stream</Filter>
    </ClInclude>
    <ClInclude Include="..\..\source\stream\Resource.h">
      <Filter>stream</Filter>
    </ClInclude>
    <ClInclude Include="..\..\source\stream\StreamMgr.h">
      <Filter>stream</Filter>
    </ClInclude>
    <ClInclude Include="..\..\source\scene\Camera.h">
      <Filter>scene</Filter>
    </ClInclude>
    <ClInclude Include="..\..\source\scene\Light.h">
      <Filter>scene</Filter>
    </ClInclude>
    <ClInclude Include="..\..\source\scene\Model.h">
      <Filter>scene</Filter>
    </ClInclude>
    <ClInclude Include="..\..\source\scene\ModelMgr.h">
      <Filter>scene</Filter>
    </ClInclude>
    <ClInclude Include="..\..\source\scene\Node.h">
      <Filter>scene</Filter>
    </ClInclude>
    <ClInclude Include="..\..\source\scene\ResourceDecoder.h">
      <Filter>scene</Filter>
    </ClInclude>
    <ClInclude Include="..\..\source\scene\ScaneMgr.h">
      <Filter>scene</Filter>
    </ClInclude>
    <ClInclude Include="..\..\source\scene\ShaderMgr.h">
      <Filter>scene</Filter>
    </ClInclude>
    <ClInclude Include="..\..\source\scene\Shape.h">
      <Filter>scene</Filter>
    </ClInclude>
    <ClInclude Include="..\..\source\scene\TextureManager.h">
      <Filter>scene</Filter>
    </ClInclude>
    <ClInclude Include="..\..\source\utils\Logger.h">
      <Filter>utils</Filter>
    </ClInclude>
    <ClInclude Include="..\..\source\utils\Timer.h">
      <Filter>utils</Filter>
    </ClInclude>
    <ClInclude Include="..\..\source\common.h" />
    <ClInclude Include="..\..\source\KeyCodes.h" />
    <ClInclude Include="..\..\source\Object.h" />
    <ClInclude Include="..\..\source\Singleton.h" />
    <ClInclude Include="..\..\source\Valera3D.h" />
    <ClInclude Include="..\..\source\ValeraConfig.h" />
    <ClInclude Include="..\..\source\ValeraEngine.h" />
    <ClInclude Include="..\..\source\platform\Window.h">
      <Filter>platform</Filter>
    </ClInclude>
    <ClInclude Include="..\..\source\platform\WindowWin32.h">
      <Filter>platform</Filter>
    </ClInclude>
    <ClInclude Include="..\..\source\platform\Platform.h">
      <Filter>platform</Filter>
    </ClInclude>
  </ItemGroup>
  <ItemGroup>
    <CustomBuild Include="..\..\CMakeLists.txt" />
  </ItemGroup>
  <ItemGroup>
    <Filter Include="platform">
      <UniqueIdentifier>{BA93C188-FCFC-41FE-8E36-5089A8301648}</UniqueIdentifier>
    </Filter>
    <Filter Include="core">
      <UniqueIdentifier>{ACBFBECE-6EF4-4DD0-A764-22AFAB774AC9}</UniqueIdentifier>
    </Filter>
    <Filter Include="renderer">
      <UniqueIdentifier>{6615A6E2-D586-4DE3-BFCF-C16E57FF3286}</UniqueIdentifier>
    </Filter>
    <Filter Include="context">
      <UniqueIdentifier>{D2797EE6-049D-4F17-9A71-88E1CDC69BD6}</UniqueIdentifier>
    </Filter>
    <Filter Include="stream">
      <UniqueIdentifier>{E724C8BA-1839-4464-8FA0-C63A7FE9B659}</UniqueIdentifier>
    </Filter>
    <Filter Include="scene">
      <UniqueIdentifier>{A79596C5-230B-47A0-95F8-7E074BB1D5D7}</UniqueIdentifier>
    </Filter>
    <Filter Include="utils">
      <UniqueIdentifier>{B6E0A5DE-688F-409B-B4F6-E4CED8D84830}</UniqueIdentifier>
    </Filter>
  </ItemGroup>
</Project>